
Microsoft Visual Studio Solution File, Format Version 12.00
# Visual Studio Version 16
VisualStudioVersion = 16.0.30204.135
MinimumVisualStudioVersion = 10.0.40219.1
Project("{8BC9CEB8-8B4A-11D0-8D11-00A0C91BC942}") = "LoadThing", "LoadThing\LoadThing.vcxproj", "{849498E9-5F61-4CA2-B9A5-83BD5B22DF36}"
EndProject
Project("{9A19103F-16F7-4668-BE54-9A1E7A4F7556}") = "JerryLangCs", "JerryLang\JerryLangCs.csproj", "{1BE697AD-6FA8-48CA-99B3-1F43F2F2F99B}"
EndProject
Project("{8BC9CEB8-8B4A-11D0-8D11-00A0C91BC942}") = "jerry_lang_c", "jerry_lang_c\jerry_lang_c.vcxproj", "{4AB31516-56EF-4746-AADA-02A8D016F986}"
EndProject
Global
	GlobalSection(SolutionConfigurationPlatforms) = preSolution
		Debug|Any CPU = Debug|Any CPU
		Debug|x64 = Debug|x64
		Debug|x86 = Debug|x86
		Release|Any CPU = Release|Any CPU
		Release|x64 = Release|x64
		Release|x86 = Release|x86
	EndGlobalSection
	GlobalSection(ProjectConfigurationPlatforms) = postSolution
		{849498E9-5F61-4CA2-B9A5-83BD5B22DF36}.Debug|Any CPU.ActiveCfg = Debug|Win32
		{849498E9-5F61-4CA2-B9A5-83BD5B22DF36}.Debug|Any CPU.Build.0 = Debug|Win32
		{849498E9-5F61-4CA2-B9A5-83BD5B22DF36}.Debug|x64.ActiveCfg = Debug|x64
		{849498E9-5F61-4CA2-B9A5-83BD5B22DF36}.Debug|x64.Build.0 = Debug|x64
		{849498E9-5F61-4CA2-B9A5-83BD5B22DF36}.Debug|x86.ActiveCfg = Debug|Win32
		{849498E9-5F61-4CA2-B9A5-83BD5B22DF36}.Debug|x86.Build.0 = Debug|Win32
		{849498E9-5F61-4CA2-B9A5-83BD5B22DF36}.Release|Any CPU.ActiveCfg = Release|Win32
		{849498E9-5F61-4CA2-B9A5-83BD5B22DF36}.Release|Any CPU.Build.0 = Release|Win32
		{849498E9-5F61-4CA2-B9A5-83BD5B22DF36}.Release|x64.ActiveCfg = Release|x64
		{849498E9-5F61-4CA2-B9A5-83BD5B22DF36}.Release|x64.Build.0 = Release|x64
		{849498E9-5F61-4CA2-B9A5-83BD5B22DF36}.Release|x86.ActiveCfg = Release|Win32
		{849498E9-5F61-4CA2-B9A5-83BD5B22DF36}.Release|x86.Build.0 = Release|Win32
		{1BE697AD-6FA8-48CA-99B3-1F43F2F2F99B}.Debug|Any CPU.ActiveCfg = Debug|Any CPU
		{1BE697AD-6FA8-48CA-99B3-1F43F2F2F99B}.Debug|Any CPU.Build.0 = Debug|Any CPU
		{1BE697AD-6FA8-48CA-99B3-1F43F2F2F99B}.Debug|x64.ActiveCfg = Debug|Any CPU
		{1BE697AD-6FA8-48CA-99B3-1F43F2F2F99B}.Debug|x64.Build.0 = Debug|Any CPU
		{1BE697AD-6FA8-48CA-99B3-1F43F2F2F99B}.Debug|x86.ActiveCfg = Debug|Any CPU
		{1BE697AD-6FA8-48CA-99B3-1F43F2F2F99B}.Debug|x86.Build.0 = Debug|Any CPU
		{1BE697AD-6FA8-48CA-99B3-1F43F2F2F99B}.Release|Any CPU.ActiveCfg = Release|Any CPU
		{1BE697AD-6FA8-48CA-99B3-1F43F2F2F99B}.Release|Any CPU.Build.0 = Release|Any CPU
		{1BE697AD-6FA8-48CA-99B3-1F43F2F2F99B}.Release|x64.ActiveCfg = Release|Any CPU
		{1BE697AD-6FA8-48CA-99B3-1F43F2F2F99B}.Release|x64.Build.0 = Release|Any CPU
		{1BE697AD-6FA8-48CA-99B3-1F43F2F2F99B}.Release|x86.ActiveCfg = Release|Any CPU
		{1BE697AD-6FA8-48CA-99B3-1F43F2F2F99B}.Release|x86.Build.0 = Release|Any CPU
		{4AB31516-56EF-4746-AADA-02A8D016F986}.Debug|Any CPU.ActiveCfg = Debug|Win32
		{4AB31516-56EF-4746-AADA-02A8D016F986}.Debug|x64.ActiveCfg = Debug|x64
		{4AB31516-56EF-4746-AADA-02A8D016F986}.Debug|x64.Build.0 = Debug|x64
		{4AB31516-56EF-4746-AADA-02A8D016F986}.Debug|x86.ActiveCfg = Debug|Win32
		{4AB31516-56EF-4746-AADA-02A8D016F986}.Debug|x86.Build.0 = Debug|Win32
		{4AB31516-56EF-4746-AADA-02A8D016F986}.Release|Any CPU.ActiveCfg = Release|Win32
		{4AB31516-56EF-4746-AADA-02A8D016F986}.Release|x64.ActiveCfg = Release|x64
		{4AB31516-56EF-4746-AADA-02A8D016F986}.Release|x64.Build.0 = Release|x64
		{4AB31516-56EF-4746-AADA-02A8D016F986}.Release|x86.ActiveCfg = Release|Win32
		{4AB31516-56EF-4746-AADA-02A8D016F986}.Release|x86.Build.0 = Release|Win32
	EndGlobalSection
	GlobalSection(SolutionProperties) = preSolution
		HideSolutionNode = FALSE
	EndGlobalSection
	GlobalSection(ExtensibilityGlobals) = postSolution
		SolutionGuid = {CBB87D0A-FA03-4ADA-A80C-6A6D27EDE228}
	EndGlobalSection
EndGlobal
